
Microsoft Visual Studio Solution File, Format Version 12.00
# Visual Studio Version 17
VisualStudioVersion = 17.6.33815.320
MinimumVisualStudioVersion = 10.0.40219.1
Project("{FAE04EC0-301F-11D3-BF4B-00C04F79EFBC}") = "App3.Android", "App3.Android\App3.Android.csproj", "{3D518ECB-2EA7-48B8-A7EE-E22DB0621296}"
EndProject
Project("{FAE04EC0-301F-11D3-BF4B-00C04F79EFBC}") = "App3.iOS", "App3.iOS\App3.iOS.csproj", "{05ACF4C9-74C8-465F-B091-05BB2F00B2AA}"
EndProject
Project("{FAE04EC0-301F-11D3-BF4B-00C04F79EFBC}") = "App3", "App3\App3.csproj", "{DA67116C-B517-42C7-BD8D-85141FC17D02}"
EndProject
Global
	GlobalSection(SolutionConfigurationPlatforms) = preSolution
		Debug|Any CPU = Debug|Any CPU
		Debug|iPhone = Debug|iPhone
		Debug|iPhoneSimulator = Debug|iPhoneSimulator
		Release|Any CPU = Release|Any CPU
		Release|iPhone = Release|iPhone
		Release|iPhoneSimulator = Release|iPhoneSimulator
	EndGlobalSection
	GlobalSection(ProjectConfigurationPlatforms) = postSolution
		{3D518ECB-2EA7-48B8-A7EE-E22DB0621296}.Debug|Any CPU.ActiveCfg = Debug|Any CPU
		{3D518ECB-2EA7-48B8-A7EE-E22DB0621296}.Debug|Any CPU.Build.0 = Debug|Any CPU
		{3D518ECB-2EA7-48B8-A7EE-E22DB0621296}.Debug|Any CPU.Deploy.0 = Debug|Any CPU
		{3D518ECB-2EA7-48B8-A7EE-E22DB0621296}.Debug|iPhone.ActiveCfg = Debug|Any CPU
		{3D518ECB-2EA7-48B8-A7EE-E22DB0621296}.Debug|iPhone.Build.0 = Debug|Any CPU
		{3D518ECB-2EA7-48B8-A7EE-E22DB0621296}.Debug|iPhone.Deploy.0 = Debug|Any CPU
		{3D518ECB-2EA7-48B8-A7EE-E22DB0621296}.Debug|iPhoneSimulator.ActiveCfg = Debug|Any CPU
		{3D518ECB-2EA7-48B8-A7EE-E22DB0621296}.Debug|iPhoneSimulator.Build.0 = Debug|Any CPU
		{3D518ECB-2EA7-48B8-A7EE-E22DB0621296}.Debug|iPhoneSimulator.Deploy.0 = Debug|Any CPU
		{3D518ECB-2EA7-48B8-A7EE-E22DB0621296}.Release|Any CPU.ActiveCfg = Release|Any CPU
		{3D518ECB-2EA7-48B8-A7EE-E22DB0621296}.Release|Any CPU.Build.0 = Release|Any CPU
		{3D518ECB-2EA7-48B8-A7EE-E22DB0621296}.Release|Any CPU.Deploy.0 = Release|Any CPU
		{3D518ECB-2EA7-48B8-A7EE-E22DB0621296}.Release|iPhone.ActiveCfg = Release|Any CPU
		{3D518ECB-2EA7-48B8-A7EE-E22DB0621296}.Release|iPhone.Build.0 = Release|Any CPU
		{3D518ECB-2EA7-48B8-A7EE-E22DB0621296}.Release|iPhone.Deploy.0 = Release|Any CPU
		{3D518ECB-2EA7-48B8-A7EE-E22DB0621296}.Release|iPhoneSimulator.ActiveCfg = Release|Any CPU
		{3D518ECB-2EA7-48B8-A7EE-E22DB0621296}.Release|iPhoneSimulator.Build.0 = Release|Any CPU
		{3D518ECB-2EA7-48B8-A7EE-E22DB0621296}.Release|iPhoneSimulator.Deploy.0 = Release|Any CPU
		{05ACF4C9-74C8-465F-B091-05BB2F00B2AA}.Debug|Any CPU.ActiveCfg = Debug|iPhone
		{05ACF4C9-74C8-465F-B091-05BB2F00B2AA}.Debug|Any CPU.Build.0 = Debug|iPhone
		{05ACF4C9-74C8-465F-B091-05BB2F00B2AA}.Debug|Any CPU.Deploy.0 = Debug|iPhone
		{05ACF4C9-74C8-465F-B091-05BB2F00B2AA}.Debug|iPhone.ActiveCfg = Debug|iPhone
		{05ACF4C9-74C8-465F-B091-05BB2F00B2AA}.Debug|iPhone.Build.0 = Debug|iPhone
		{05ACF4C9-74C8-465F-B091-05BB2F00B2AA}.Debug|iPhone.Deploy.0 = Debug|iPhone
		{05ACF4C9-74C8-465F-B091-05BB2F00B2AA}.Debug|iPhoneSimulator.ActiveCfg = Debug|iPhoneSimulator
		{05ACF4C9-74C8-465F-B091-05BB2F00B2AA}.Debug|iPhoneSimulator.Build.0 = Debug|iPhoneSimulator
		{05ACF4C9-74C8-465F-B091-05BB2F00B2AA}.Debug|iPhoneSimulator.Deploy.0 = Debug|iPhoneSimulator
		{05ACF4C9-74C8-465F-B091-05BB2F00B2AA}.Release|Any CPU.ActiveCfg = Release|iPhoneSimulator
		{05ACF4C9-74C8-465F-B091-05BB2F00B2AA}.Release|Any CPU.Build.0 = Release|iPhoneSimulator
		{05ACF4C9-74C8-465F-B091-05BB2F00B2AA}.Release|Any CPU.Deploy.0 = Release|iPhoneSimulator
		{05ACF4C9-74C8-465F-B091-05BB2F00B2AA}.Release|iPhone.ActiveCfg = Release|iPhone
		{05ACF4C9-74C8-465F-B091-05BB2F00B2AA}.Release|iPhone.Build.0 = Release|iPhone
		{05ACF4C9-74C8-465F-B091-05BB2F00B2AA}.Release|iPhone.Deploy.0 = Release|iPhone
		{05ACF4C9-74C8-465F-B091-05BB2F00B2AA}.Release|iPhoneSimulator.ActiveCfg = Release|iPhoneSimulator
		{05ACF4C9-74C8-465F-B091-05BB2F00B2AA}.Release|iPhoneSimulator.Build.0 = Release|iPhoneSimulator
		{05ACF4C9-74C8-465F-B091-05BB2F00B2AA}.Release|iPhoneSimulator.Deploy.0 = Release|iPhoneSimulator
		{DA67116C-B517-42C7-BD8D-85141FC17D02}.Debug|Any CPU.ActiveCfg = Debug|Any CPU
		{DA67116C-B517-42C7-BD8D-85141FC17D02}.Debug|Any CPU.Build.0 = Debug|Any CPU
		{DA67116C-B517-42C7-BD8D-85141FC17D02}.Debug|Any CPU.Deploy.0 = Debug|Any CPU
		{DA67116C-B517-42C7-BD8D-85141FC17D02}.Debug|iPhone.ActiveCfg = Debug|Any CPU
		{DA67116C-B517-42C7-BD8D-85141FC17D02}.Debug|iPhone.Build.0 = Debug|Any CPU
		{DA67116C-B517-42C7-BD8D-85141FC17D02}.Debug|iPhone.Deploy.0 = Debug|Any CPU
		{DA67116C-B517-42C7-BD8D-85141FC17D02}.Debug|iPhoneSimulator.ActiveCfg = Debug|Any CPU
		{DA67116C-B517-42C7-BD8D-85141FC17D02}.Debug|iPhoneSimulator.Build.0 = Debug|Any CPU
		{DA67116C-B517-42C7-BD8D-85141FC17D02}.Debug|iPhoneSimulator.Deploy.0 = Debug|Any CPU
		{DA67116C-B517-42C7-BD8D-85141FC17D02}.Release|Any CPU.ActiveCfg = Release|Any CPU
		{DA67116C-B517-42C7-BD8D-85141FC17D02}.Release|Any CPU.Build.0 = Release|Any CPU
		{DA67116C-B517-42C7-BD8D-85141FC17D02}.Release|Any CPU.Deploy.0 = Release|Any CPU
		{DA67116C-B517-42C7-BD8D-85141FC17D02}.Release|iPhone.ActiveCfg = Release|Any CPU
		{DA67116C-B517-42C7-BD8D-85141FC17D02}.Release|iPhone.Build.0 = Release|Any CPU
		{DA67116C-B517-42C7-BD8D-85141FC17D02}.Release|iPhone.Deploy.0 = Release|Any CPU
		{DA67116C-B517-42C7-BD8D-85141FC17D02}.Release|iPhoneSimulator.ActiveCfg = Release|Any CPU
		{DA67116C-B517-42C7-BD8D-85141FC17D02}.Release|iPhoneSimulator.Build.0 = Release|Any CPU
		{DA67116C-B517-42C7-BD8D-85141FC17D02}.Release|iPhoneSimulator.Deploy.0 = Release|Any CPU
	EndGlobalSection
	GlobalSection(SolutionProperties) = preSolution
		HideSolutionNode = FALSE
	EndGlobalSection
	GlobalSection(ExtensibilityGlobals) = postSolution
		SolutionGuid = {EB2DF2D8-ADFB-45FC-A4F5-D82A6B420942}
	EndGlobalSection
EndGlobal
